{
  "lockfile_version": "1",
  "packages": {
    "go@1.23.5": {
      "last_modified": "2025-02-07T11:26:36Z",
      "resolved": "github:NixOS/nixpkgs/d98abf5cf5914e5e4e9d57205e3af55ca90ffc1d#go",
      "source": "devbox-search",
      "version": "1.23.5",
      "systems": {
        "aarch64-darwin": {
          "outputs": [
            {
              "name": "out",
              "path": "/nix/store/nygq6zbzjqg8zkx8p9xh0ydvvi0v2vvv-go-1.23.5",
              "default": true
            }
          ],
          "store_path": "/nix/store/nygq6zbzjqg8zkx8p9xh0ydvvi0v2vvv-go-1.23.5"
        },
        "aarch64-linux": {
          "outputs": [
            {
              "name": "out",
              "path": "/nix/store/f3psxd8yplxjxv5nzkhhrczlfdipqqas-go-1.23.5",
              "default": true
            }
          ],
          "store_path": "/nix/store/f3psxd8yplxjxv5nzkhhrczlfdipqqas-go-1.23.5"
        },
        "x86_64-darwin": {
          "outputs": [
            {
              "name": "out",
              "path": "/nix/store/xjyip7f73zvpbld41qgj0jspka4624jr-go-1.23.5",
              "default": true
            }
          ],
          "store_path": "/nix/store/xjyip7f73zvpbld41qgj0jspka4624jr-go-1.23.5"
        },
        "x86_64-linux": {
          "outputs": [
            {
              "name": "out",
              "path": "/nix/store/kaajk63cgb8yrqvqvlmbss31b6nia854-go-1.23.5",
              "default": true
            }
          ],
          "store_path": "/nix/store/kaajk63cgb8yrqvqvlmbss31b6nia854-go-1.23.5"
        }
      }
    }
  }
}
